
Microsoft Visual Studio Solution File, Format Version 12.00
# Visual Studio 15
VisualStudioVersion = 15.0.27004.2008
MinimumVisualStudioVersion = 10.0.40219.1
Project("{888888A0-9F3D-457C-B088-3A5042F75D52}") = "AlcaldeEscuchame", "AlcaldeEscuchame\AlcaldeEscuchame.pyproj", "{A543F081-DF8E-4977-861A-484E0EA08173}"
EndProject
Global
	GlobalSection(SolutionConfigurationPlatforms) = preSolution
		Debug|Any CPU = Debug|Any CPU
		Release|Any CPU = Release|Any CPU
	EndGlobalSection
	GlobalSection(ProjectConfigurationPlatforms) = postSolution
		{A543F081-DF8E-4977-861A-484E0EA08173}.Debug|Any CPU.ActiveCfg = Debug|Any CPU
		{A543F081-DF8E-4977-861A-484E0EA08173}.Debug|Any CPU.Build.0 = Debug|Any CPU
		{A543F081-DF8E-4977-861A-484E0EA08173}.Release|Any CPU.ActiveCfg = Release|Any CPU
		{A543F081-DF8E-4977-861A-484E0EA08173}.Release|Any CPU.Build.0 = Release|Any CPU
	EndGlobalSection
	GlobalSection(SolutionProperties) = preSolution
		HideSolutionNode = FALSE
	EndGlobalSection
	GlobalSection(ExtensibilityGlobals) = postSolution
		SolutionGuid = {049200A5-24AF-45C4-8303-26DEBABB8EF2}
	EndGlobalSection
EndGlobal
